
Microsoft Visual Studio Solution File, Format Version 12.00
# Visual Studio Version 17
VisualStudioVersion = 17.5.33414.496
MinimumVisualStudioVersion = 10.0.40219.1
Project("{FAE04EC0-301F-11D3-BF4B-00C04F79EFBC}") = "testAPI", "testAPI\testAPI.csproj", "{AD2AA0D7-DE67-41A4-9738-86AC1EC25740}"
EndProject
Global
	GlobalSection(SolutionConfigurationPlatforms) = preSolution
		Debug|Any CPU = Debug|Any CPU
		Release|Any CPU = Release|Any CPU
	EndGlobalSection
	GlobalSection(ProjectConfigurationPlatforms) = postSolution
		{AD2AA0D7-DE67-41A4-9738-86AC1EC25740}.Debug|Any CPU.ActiveCfg = Debug|Any CPU
		{AD2AA0D7-DE67-41A4-9738-86AC1EC25740}.Debug|Any CPU.Build.0 = Debug|Any CPU
		{AD2AA0D7-DE67-41A4-9738-86AC1EC25740}.Release|Any CPU.ActiveCfg = Release|Any CPU
		{AD2AA0D7-DE67-41A4-9738-86AC1EC25740}.Release|Any CPU.Build.0 = Release|Any CPU
	EndGlobalSection
	GlobalSection(SolutionProperties) = preSolution
		HideSolutionNode = FALSE
	EndGlobalSection
	GlobalSection(ExtensibilityGlobals) = postSolution
		SolutionGuid = {212515C9-BC19-4266-8249-50AC9497F49C}
	EndGlobalSection
EndGlobal
